
Microsoft Visual Studio Solution File, Format Version 12.00
# Visual Studio Version 16
VisualStudioVersion = 16.0.33027.164
MinimumVisualStudioVersion = 10.0.40219.1
Project("{888888A0-9F3D-457C-B088-3A5042F75D52}") = "week 8 lab 2", "week 8 lab 2.pyproj", "{A87BAA8F-2625-4007-9472-6910AA9DD318}"
EndProject
Global
	GlobalSection(SolutionConfigurationPlatforms) = preSolution
		Debug|Any CPU = Debug|Any CPU
		Release|Any CPU = Release|Any CPU
	EndGlobalSection
	GlobalSection(ProjectConfigurationPlatforms) = postSolution
		{A87BAA8F-2625-4007-9472-6910AA9DD318}.Debug|Any CPU.ActiveCfg = Debug|Any CPU
		{A87BAA8F-2625-4007-9472-6910AA9DD318}.Release|Any CPU.ActiveCfg = Release|Any CPU
	EndGlobalSection
	GlobalSection(SolutionProperties) = preSolution
		HideSolutionNode = FALSE
	EndGlobalSection
	GlobalSection(ExtensibilityGlobals) = postSolution
		SolutionGuid = {2B1CD6E6-6F0F-4996-BFFA-5C5832AE73E4}
	EndGlobalSection
EndGlobal
